
Microsoft Visual Studio Solution File, Format Version 12.00
Project("{2150E333-8FDC-42A3-9474-1A3956D46DE8}") = "Core", "Core", "{0DCBEC54-770B-416B-ACB6-9E478C67BF01}"
EndProject
Project("{2150E333-8FDC-42A3-9474-1A3956D46DE8}") = "Services", "Services", "{C949C92B-3B08-4D80-B243-F232746C1E6F}"
EndProject
Project("{2150E333-8FDC-42A3-9474-1A3956D46DE8}") = "ComplianceCalculation", "ComplianceCalculation", "{16C7E4D5-23D0-453D-87BC-B42A7D151FA4}"
EndProject
Project("{2150E333-8FDC-42A3-9474-1A3956D46DE8}") = "Tests", "Tests", "{51EF4D9D-D514-40F1-9C77-205DB6C93A88}"
EndProject
Project("{2150E333-8FDC-42A3-9474-1A3956D46DE8}") = "Migrator", "Migrator", "{EB9EFD3C-88A0-4C62-A4F1-22C580DEC879}"
EndProject
Project("{2150E333-8FDC-42A3-9474-1A3956D46DE8}") = "SchemeData", "SchemeData", "{4D459E78-223E-4034-85F9-2C7D4DF702D1}"
EndProject
Project("{FAE04EC0-301F-11D3-BF4B-00C04F79EFBC}") = "Zev.Services.SchemeData.Api", "Services\SchemeData\Zev.Services.SchemeData.Api\Zev.Services.SchemeData.Api.csproj", "{D4CDD427-5A04-496F-80B4-BF1AF6158BC0}"
EndProject
Project("{FAE04EC0-301F-11D3-BF4B-00C04F79EFBC}") = "Zev.Services.Migrator.Handler", "Services\Migrator\Zev.Services.Migrator.Handler\Zev.Services.Migrator.Handler.csproj", "{F4599A28-5833-4326-B86F-DD3D3100BB78}"
EndProject
Project("{FAE04EC0-301F-11D3-BF4B-00C04F79EFBC}") = "Zev.Services.ComplianceCalculation.Handler", "Services\ComplianceCalculation\Zev.Services.ComplianceCalculation.Handler\Zev.Services.ComplianceCalculation.Handler.csproj", "{53DE4CDF-0F10-46D7-B3B3-CBA3D74D761B}"
EndProject
Project("{FAE04EC0-301F-11D3-BF4B-00C04F79EFBC}") = "Zev.Core.Domain", "Core\Zev.Core.Domain\Zev.Core.Domain.csproj", "{06C4D55C-DB6B-48C4-9526-653454F5261E}"
EndProject
Project("{FAE04EC0-301F-11D3-BF4B-00C04F79EFBC}") = "Zev.Core.Application", "Core\Zev.Core.Application\Zev.Core.Application.csproj", "{FCD9B6C0-D870-42DC-A629-DF89C1DFACDB}"
EndProject
Project("{FAE04EC0-301F-11D3-BF4B-00C04F79EFBC}") = "Zev.Core.Infrastructure", "Core\Zev.Core.Infrastructure\Zev.Core.Infrastructure.csproj", "{BE28F780-B1B6-4312-8E10-7A6529B122EC}"
EndProject
Project("{FAE04EC0-301F-11D3-BF4B-00C04F79EFBC}") = "Zev.Core.Application.Tests", "Core\Zev.Core.Application.Tests\Zev.Core.Application.Tests.csproj", "{C94A0968-1B7B-4DE7-9C5A-C729158DCB0B}"
EndProject
Project("{FAE04EC0-301F-11D3-BF4B-00C04F79EFBC}") = "Zev.Core.Architecture.Tests", "Core\Zev.Core.Architecture.Tests\Zev.Core.Architecture.Tests.csproj", "{A8AEA1C5-E049-4CE1-9700-9FFE35A70EDD}"
EndProject
Project("{FAE04EC0-301F-11D3-BF4B-00C04F79EFBC}") = "Zev.Core.Domain.Tests", "Core\Zev.Core.Domain.Tests\Zev.Core.Domain.Tests.csproj", "{86BF0085-9012-4CA2-819E-454BB909E9D9}"
EndProject
Project("{FAE04EC0-301F-11D3-BF4B-00C04F79EFBC}") = "Zev.Core.Infrastructure.Tests", "Core\Zev.Core.Infrastructure.Tests\Zev.Core.Infrastructure.Tests.csproj", "{B920381F-7702-4551-A596-C3D74A05BEC3}"
EndProject
Global
	GlobalSection(SolutionConfigurationPlatforms) = preSolution
		Debug|Any CPU = Debug|Any CPU
		Release|Any CPU = Release|Any CPU
	EndGlobalSection
	GlobalSection(NestedProjects) = preSolution
		{16C7E4D5-23D0-453D-87BC-B42A7D151FA4} = {C949C92B-3B08-4D80-B243-F232746C1E6F}
		{51EF4D9D-D514-40F1-9C77-205DB6C93A88} = {0DCBEC54-770B-416B-ACB6-9E478C67BF01}
		{EB9EFD3C-88A0-4C62-A4F1-22C580DEC879} = {C949C92B-3B08-4D80-B243-F232746C1E6F}
		{4D459E78-223E-4034-85F9-2C7D4DF702D1} = {C949C92B-3B08-4D80-B243-F232746C1E6F}
		{D4CDD427-5A04-496F-80B4-BF1AF6158BC0} = {4D459E78-223E-4034-85F9-2C7D4DF702D1}
		{F4599A28-5833-4326-B86F-DD3D3100BB78} = {EB9EFD3C-88A0-4C62-A4F1-22C580DEC879}
		{53DE4CDF-0F10-46D7-B3B3-CBA3D74D761B} = {16C7E4D5-23D0-453D-87BC-B42A7D151FA4}
		{06C4D55C-DB6B-48C4-9526-653454F5261E} = {0DCBEC54-770B-416B-ACB6-9E478C67BF01}
		{FCD9B6C0-D870-42DC-A629-DF89C1DFACDB} = {0DCBEC54-770B-416B-ACB6-9E478C67BF01}
		{BE28F780-B1B6-4312-8E10-7A6529B122EC} = {0DCBEC54-770B-416B-ACB6-9E478C67BF01}
		{C94A0968-1B7B-4DE7-9C5A-C729158DCB0B} = {51EF4D9D-D514-40F1-9C77-205DB6C93A88}
		{A8AEA1C5-E049-4CE1-9700-9FFE35A70EDD} = {51EF4D9D-D514-40F1-9C77-205DB6C93A88}
		{86BF0085-9012-4CA2-819E-454BB909E9D9} = {51EF4D9D-D514-40F1-9C77-205DB6C93A88}
		{B920381F-7702-4551-A596-C3D74A05BEC3} = {51EF4D9D-D514-40F1-9C77-205DB6C93A88}
	EndGlobalSection
	GlobalSection(ProjectConfigurationPlatforms) = postSolution
		{D4CDD427-5A04-496F-80B4-BF1AF6158BC0}.Debug|Any CPU.ActiveCfg = Debug|Any CPU
		{D4CDD427-5A04-496F-80B4-BF1AF6158BC0}.Debug|Any CPU.Build.0 = Debug|Any CPU
		{D4CDD427-5A04-496F-80B4-BF1AF6158BC0}.Release|Any CPU.ActiveCfg = Release|Any CPU
		{D4CDD427-5A04-496F-80B4-BF1AF6158BC0}.Release|Any CPU.Build.0 = Release|Any CPU
		{F4599A28-5833-4326-B86F-DD3D3100BB78}.Debug|Any CPU.ActiveCfg = Debug|Any CPU
		{F4599A28-5833-4326-B86F-DD3D3100BB78}.Debug|Any CPU.Build.0 = Debug|Any CPU
		{F4599A28-5833-4326-B86F-DD3D3100BB78}.Release|Any CPU.ActiveCfg = Release|Any CPU
		{F4599A28-5833-4326-B86F-DD3D3100BB78}.Release|Any CPU.Build.0 = Release|Any CPU
		{53DE4CDF-0F10-46D7-B3B3-CBA3D74D761B}.Debug|Any CPU.ActiveCfg = Debug|Any CPU
		{53DE4CDF-0F10-46D7-B3B3-CBA3D74D761B}.Debug|Any CPU.Build.0 = Debug|Any CPU
		{53DE4CDF-0F10-46D7-B3B3-CBA3D74D761B}.Release|Any CPU.ActiveCfg = Release|Any CPU
		{53DE4CDF-0F10-46D7-B3B3-CBA3D74D761B}.Release|Any CPU.Build.0 = Release|Any CPU
		{06C4D55C-DB6B-48C4-9526-653454F5261E}.Debug|Any CPU.ActiveCfg = Debug|Any CPU
		{06C4D55C-DB6B-48C4-9526-653454F5261E}.Debug|Any CPU.Build.0 = Debug|Any CPU
		{06C4D55C-DB6B-48C4-9526-653454F5261E}.Release|Any CPU.ActiveCfg = Release|Any CPU
		{06C4D55C-DB6B-48C4-9526-653454F5261E}.Release|Any CPU.Build.0 = Release|Any CPU
		{FCD9B6C0-D870-42DC-A629-DF89C1DFACDB}.Debug|Any CPU.ActiveCfg = Debug|Any CPU
		{FCD9B6C0-D870-42DC-A629-DF89C1DFACDB}.Debug|Any CPU.Build.0 = Debug|Any CPU
		{FCD9B6C0-D870-42DC-A629-DF89C1DFACDB}.Release|Any CPU.ActiveCfg = Release|Any CPU
		{FCD9B6C0-D870-42DC-A629-DF89C1DFACDB}.Release|Any CPU.Build.0 = Release|Any CPU
		{BE28F780-B1B6-4312-8E10-7A6529B122EC}.Debug|Any CPU.ActiveCfg = Debug|Any CPU
		{BE28F780-B1B6-4312-8E10-7A6529B122EC}.Debug|Any CPU.Build.0 = Debug|Any CPU
		{BE28F780-B1B6-4312-8E10-7A6529B122EC}.Release|Any CPU.ActiveCfg = Release|Any CPU
		{BE28F780-B1B6-4312-8E10-7A6529B122EC}.Release|Any CPU.Build.0 = Release|Any CPU
		{C94A0968-1B7B-4DE7-9C5A-C729158DCB0B}.Debug|Any CPU.ActiveCfg = Debug|Any CPU
		{C94A0968-1B7B-4DE7-9C5A-C729158DCB0B}.Debug|Any CPU.Build.0 = Debug|Any CPU
		{C94A0968-1B7B-4DE7-9C5A-C729158DCB0B}.Release|Any CPU.ActiveCfg = Release|Any CPU
		{C94A0968-1B7B-4DE7-9C5A-C729158DCB0B}.Release|Any CPU.Build.0 = Release|Any CPU
		{A8AEA1C5-E049-4CE1-9700-9FFE35A70EDD}.Debug|Any CPU.ActiveCfg = Debug|Any CPU
		{A8AEA1C5-E049-4CE1-9700-9FFE35A70EDD}.Debug|Any CPU.Build.0 = Debug|Any CPU
		{A8AEA1C5-E049-4CE1-9700-9FFE35A70EDD}.Release|Any CPU.ActiveCfg = Release|Any CPU
		{A8AEA1C5-E049-4CE1-9700-9FFE35A70EDD}.Release|Any CPU.Build.0 = Release|Any CPU
		{86BF0085-9012-4CA2-819E-454BB909E9D9}.Debug|Any CPU.ActiveCfg = Debug|Any CPU
		{86BF0085-9012-4CA2-819E-454BB909E9D9}.Debug|Any CPU.Build.0 = Debug|Any CPU
		{86BF0085-9012-4CA2-819E-454BB909E9D9}.Release|Any CPU.ActiveCfg = Release|Any CPU
		{86BF0085-9012-4CA2-819E-454BB909E9D9}.Release|Any CPU.Build.0 = Release|Any CPU
		{B920381F-7702-4551-A596-C3D74A05BEC3}.Debug|Any CPU.ActiveCfg = Debug|Any CPU
		{B920381F-7702-4551-A596-C3D74A05BEC3}.Debug|Any CPU.Build.0 = Debug|Any CPU
		{B920381F-7702-4551-A596-C3D74A05BEC3}.Release|Any CPU.ActiveCfg = Release|Any CPU
		{B920381F-7702-4551-A596-C3D74A05BEC3}.Release|Any CPU.Build.0 = Release|Any CPU
	EndGlobalSection
EndGlobal
