
Microsoft Visual Studio Solution File, Format Version 12.00
Project("{2150E333-8FDC-42A3-9474-1A3956D46DE8}") = "Core", "Core", "{0DCBEC54-770B-416B-ACB6-9E478C67BF01}"
EndProject
Project("{FAE04EC0-301F-11D3-BF4B-00C04F79EFBC}") = "Zev.Core.Domain", "Zev.Core.Domain\Zev.Core.Domain.csproj", "{C4AB76FB-C075-400E-87F2-02E9B3702F43}"
EndProject
Project("{FAE04EC0-301F-11D3-BF4B-00C04F79EFBC}") = "Zev.Core.Infrastructure", "Zev.Core.Infrastructure\Zev.Core.Infrastructure.csproj", "{3DC42723-79DE-41B3-BFF6-05600F207915}"
EndProject
Project("{FAE04EC0-301F-11D3-BF4B-00C04F79EFBC}") = "Zev.Core.Commons", "Zev.Core.Commons\Zev.Core.Commons.csproj", "{59A07D86-0770-4879-8473-AAC59BE0468E}"
EndProject
Project("{2150E333-8FDC-42A3-9474-1A3956D46DE8}") = "Services", "Services", "{C949C92B-3B08-4D80-B243-F232746C1E6F}"
EndProject
Project("{FAE04EC0-301F-11D3-BF4B-00C04F79EFBC}") = "Zev.Core.Infrastructure.Tests", "Zev.Core.Infrastructure.Tests\Zev.Core.Infrastructure.Tests.csproj", "{386CAA1B-CABD-4C7B-BD08-29AFB58B6B11}"
EndProject
Project("{2150E333-8FDC-42A3-9474-1A3956D46DE8}") = "ComplianceCalculationService", "ComplianceCalculationService", "{16C7E4D5-23D0-453D-87BC-B42A7D151FA4}"
EndProject
Project("{FAE04EC0-301F-11D3-BF4B-00C04F79EFBC}") = "Zev.Services.ComplianceCalculationService.Handler", "Zev.Services.ComplianceCalculationService.Handler\Zev.Services.ComplianceCalculationService.Handler.csproj", "{87E8AC8A-D09D-4D53-BAA4-23695E605EDA}"
EndProject
Project("{FAE04EC0-301F-11D3-BF4B-00C04F79EFBC}") = "Zev.Services.ComplianceCalculationService.Tests", "Zev.Services.ComplianceCalculationService.Tests\Zev.Services.ComplianceCalculationService.Tests.csproj", "{1D71272D-D30D-4C84-82CE-D57FABC9067F}"
EndProject
Project("{FAE04EC0-301F-11D3-BF4B-00C04F79EFBC}") = "Migrator", "Migrator\Migrator.csproj", "{6BC2A991-C99E-43BD-B052-FE713B606918}"
EndProject
Project("{FAE04EC0-301F-11D3-BF4B-00C04F79EFBC}") = "Zev.Core.Application", "Zev.Core.Application\Zev.Core.Application.csproj", "{5D615BFC-318A-4FB0-ADFB-4A76198E4593}"
EndProject
Project("{FAE04EC0-301F-11D3-BF4B-00C04F79EFBC}") = "Zev.Core.Application.Tests", "Zev.Core.Application.Tests\Zev.Core.Application.Tests.csproj", "{BAD6B71B-FB5C-46CC-B355-C7E7EEA31E3F}"
EndProject
Project("{2150E333-8FDC-42A3-9474-1A3956D46DE8}") = "Tests", "Tests", "{51EF4D9D-D514-40F1-9C77-205DB6C93A88}"
EndProject
Project("{2150E333-8FDC-42A3-9474-1A3956D46DE8}") = "MigrationService", "MigrationService", "{EB9EFD3C-88A0-4C62-A4F1-22C580DEC879}"
EndProject
Project("{FAE04EC0-301F-11D3-BF4B-00C04F79EFBC}") = "Zev.Core.Architecture.Tests", "Zev.Core.Architecture.Tests\Zev.Core.Architecture.Tests.csproj", "{9F1955C5-2B54-4954-A2F5-4339CFF0B158}"
EndProject
Project("{FAE04EC0-301F-11D3-BF4B-00C04F79EFBC}") = "Zev.Core.Domain.Tests", "Zev.Core.Domain.Tests\Zev.Core.Domain.Tests.csproj", "{373ECB8B-A5E5-4979-83E3-887CC3E669EA}"
EndProject
Project("{2150E333-8FDC-42A3-9474-1A3956D46DE8}") = "ProcessMonitoringService", "ProcessMonitoringService", "{8737EA1B-F8C8-4226-B412-C1C8BDE6197F}"
EndProject
Project("{FAE04EC0-301F-11D3-BF4B-00C04F79EFBC}") = "Zev.Services.ProcessMonitoringService.Host", "Zev.Services.ProcessMonitoringService.Host\Zev.Services.ProcessMonitoringService.Host.csproj", "{424F5B12-0BD6-473D-9673-509E43C3A8F3}"
EndProject
Global
	GlobalSection(SolutionConfigurationPlatforms) = preSolution
		Debug|Any CPU = Debug|Any CPU
		Release|Any CPU = Release|Any CPU
	EndGlobalSection
	GlobalSection(NestedProjects) = preSolution
		{C4AB76FB-C075-400E-87F2-02E9B3702F43} = {0DCBEC54-770B-416B-ACB6-9E478C67BF01}
		{3DC42723-79DE-41B3-BFF6-05600F207915} = {0DCBEC54-770B-416B-ACB6-9E478C67BF01}
		{59A07D86-0770-4879-8473-AAC59BE0468E} = {0DCBEC54-770B-416B-ACB6-9E478C67BF01}
		{16C7E4D5-23D0-453D-87BC-B42A7D151FA4} = {C949C92B-3B08-4D80-B243-F232746C1E6F}
		{87E8AC8A-D09D-4D53-BAA4-23695E605EDA} = {16C7E4D5-23D0-453D-87BC-B42A7D151FA4}
		{1D71272D-D30D-4C84-82CE-D57FABC9067F} = {16C7E4D5-23D0-453D-87BC-B42A7D151FA4}
		{5D615BFC-318A-4FB0-ADFB-4A76198E4593} = {0DCBEC54-770B-416B-ACB6-9E478C67BF01}
		{51EF4D9D-D514-40F1-9C77-205DB6C93A88} = {0DCBEC54-770B-416B-ACB6-9E478C67BF01}
		{386CAA1B-CABD-4C7B-BD08-29AFB58B6B11} = {51EF4D9D-D514-40F1-9C77-205DB6C93A88}
		{BAD6B71B-FB5C-46CC-B355-C7E7EEA31E3F} = {51EF4D9D-D514-40F1-9C77-205DB6C93A88}
		{EB9EFD3C-88A0-4C62-A4F1-22C580DEC879} = {C949C92B-3B08-4D80-B243-F232746C1E6F}
		{6BC2A991-C99E-43BD-B052-FE713B606918} = {EB9EFD3C-88A0-4C62-A4F1-22C580DEC879}
		{9F1955C5-2B54-4954-A2F5-4339CFF0B158} = {51EF4D9D-D514-40F1-9C77-205DB6C93A88}
		{373ECB8B-A5E5-4979-83E3-887CC3E669EA} = {51EF4D9D-D514-40F1-9C77-205DB6C93A88}
		{8737EA1B-F8C8-4226-B412-C1C8BDE6197F} = {C949C92B-3B08-4D80-B243-F232746C1E6F}
		{424F5B12-0BD6-473D-9673-509E43C3A8F3} = {8737EA1B-F8C8-4226-B412-C1C8BDE6197F}
	EndGlobalSection
	GlobalSection(ProjectConfigurationPlatforms) = postSolution
		{C4AB76FB-C075-400E-87F2-02E9B3702F43}.Debug|Any CPU.ActiveCfg = Debug|Any CPU
		{C4AB76FB-C075-400E-87F2-02E9B3702F43}.Debug|Any CPU.Build.0 = Debug|Any CPU
		{C4AB76FB-C075-400E-87F2-02E9B3702F43}.Release|Any CPU.ActiveCfg = Release|Any CPU
		{C4AB76FB-C075-400E-87F2-02E9B3702F43}.Release|Any CPU.Build.0 = Release|Any CPU
		{3DC42723-79DE-41B3-BFF6-05600F207915}.Debug|Any CPU.ActiveCfg = Debug|Any CPU
		{3DC42723-79DE-41B3-BFF6-05600F207915}.Debug|Any CPU.Build.0 = Debug|Any CPU
		{3DC42723-79DE-41B3-BFF6-05600F207915}.Release|Any CPU.ActiveCfg = Release|Any CPU
		{3DC42723-79DE-41B3-BFF6-05600F207915}.Release|Any CPU.Build.0 = Release|Any CPU
		{59A07D86-0770-4879-8473-AAC59BE0468E}.Debug|Any CPU.ActiveCfg = Debug|Any CPU
		{59A07D86-0770-4879-8473-AAC59BE0468E}.Debug|Any CPU.Build.0 = Debug|Any CPU
		{59A07D86-0770-4879-8473-AAC59BE0468E}.Release|Any CPU.ActiveCfg = Release|Any CPU
		{59A07D86-0770-4879-8473-AAC59BE0468E}.Release|Any CPU.Build.0 = Release|Any CPU
		{386CAA1B-CABD-4C7B-BD08-29AFB58B6B11}.Debug|Any CPU.ActiveCfg = Debug|Any CPU
		{386CAA1B-CABD-4C7B-BD08-29AFB58B6B11}.Debug|Any CPU.Build.0 = Debug|Any CPU
		{386CAA1B-CABD-4C7B-BD08-29AFB58B6B11}.Release|Any CPU.ActiveCfg = Release|Any CPU
		{386CAA1B-CABD-4C7B-BD08-29AFB58B6B11}.Release|Any CPU.Build.0 = Release|Any CPU
		{87E8AC8A-D09D-4D53-BAA4-23695E605EDA}.Debug|Any CPU.ActiveCfg = Debug|Any CPU
		{87E8AC8A-D09D-4D53-BAA4-23695E605EDA}.Debug|Any CPU.Build.0 = Debug|Any CPU
		{87E8AC8A-D09D-4D53-BAA4-23695E605EDA}.Release|Any CPU.ActiveCfg = Release|Any CPU
		{87E8AC8A-D09D-4D53-BAA4-23695E605EDA}.Release|Any CPU.Build.0 = Release|Any CPU
		{1D71272D-D30D-4C84-82CE-D57FABC9067F}.Debug|Any CPU.ActiveCfg = Debug|Any CPU
		{1D71272D-D30D-4C84-82CE-D57FABC9067F}.Debug|Any CPU.Build.0 = Debug|Any CPU
		{1D71272D-D30D-4C84-82CE-D57FABC9067F}.Release|Any CPU.ActiveCfg = Release|Any CPU
		{1D71272D-D30D-4C84-82CE-D57FABC9067F}.Release|Any CPU.Build.0 = Release|Any CPU
		{6BC2A991-C99E-43BD-B052-FE713B606918}.Debug|Any CPU.ActiveCfg = Debug|Any CPU
		{6BC2A991-C99E-43BD-B052-FE713B606918}.Debug|Any CPU.Build.0 = Debug|Any CPU
		{6BC2A991-C99E-43BD-B052-FE713B606918}.Release|Any CPU.ActiveCfg = Release|Any CPU
		{6BC2A991-C99E-43BD-B052-FE713B606918}.Release|Any CPU.Build.0 = Release|Any CPU
		{5D615BFC-318A-4FB0-ADFB-4A76198E4593}.Debug|Any CPU.ActiveCfg = Debug|Any CPU
		{5D615BFC-318A-4FB0-ADFB-4A76198E4593}.Debug|Any CPU.Build.0 = Debug|Any CPU
		{5D615BFC-318A-4FB0-ADFB-4A76198E4593}.Release|Any CPU.ActiveCfg = Release|Any CPU
		{5D615BFC-318A-4FB0-ADFB-4A76198E4593}.Release|Any CPU.Build.0 = Release|Any CPU
		{BAD6B71B-FB5C-46CC-B355-C7E7EEA31E3F}.Debug|Any CPU.ActiveCfg = Debug|Any CPU
		{BAD6B71B-FB5C-46CC-B355-C7E7EEA31E3F}.Debug|Any CPU.Build.0 = Debug|Any CPU
		{BAD6B71B-FB5C-46CC-B355-C7E7EEA31E3F}.Release|Any CPU.ActiveCfg = Release|Any CPU
		{BAD6B71B-FB5C-46CC-B355-C7E7EEA31E3F}.Release|Any CPU.Build.0 = Release|Any CPU
		{9F1955C5-2B54-4954-A2F5-4339CFF0B158}.Debug|Any CPU.ActiveCfg = Debug|Any CPU
		{9F1955C5-2B54-4954-A2F5-4339CFF0B158}.Debug|Any CPU.Build.0 = Debug|Any CPU
		{9F1955C5-2B54-4954-A2F5-4339CFF0B158}.Release|Any CPU.ActiveCfg = Release|Any CPU
		{9F1955C5-2B54-4954-A2F5-4339CFF0B158}.Release|Any CPU.Build.0 = Release|Any CPU
		{373ECB8B-A5E5-4979-83E3-887CC3E669EA}.Debug|Any CPU.ActiveCfg = Debug|Any CPU
		{373ECB8B-A5E5-4979-83E3-887CC3E669EA}.Debug|Any CPU.Build.0 = Debug|Any CPU
		{373ECB8B-A5E5-4979-83E3-887CC3E669EA}.Release|Any CPU.ActiveCfg = Release|Any CPU
		{373ECB8B-A5E5-4979-83E3-887CC3E669EA}.Release|Any CPU.Build.0 = Release|Any CPU
		{424F5B12-0BD6-473D-9673-509E43C3A8F3}.Debug|Any CPU.ActiveCfg = Debug|Any CPU
		{424F5B12-0BD6-473D-9673-509E43C3A8F3}.Debug|Any CPU.Build.0 = Debug|Any CPU
		{424F5B12-0BD6-473D-9673-509E43C3A8F3}.Release|Any CPU.ActiveCfg = Release|Any CPU
		{424F5B12-0BD6-473D-9673-509E43C3A8F3}.Release|Any CPU.Build.0 = Release|Any CPU
	EndGlobalSection
EndGlobal
