
Microsoft Visual Studio Solution File, Format Version 12.00
# Visual Studio Version 17
VisualStudioVersion = 17.5.002.0
MinimumVisualStudioVersion = 10.0.40219.1
Project("{9A19103F-16F7-4668-BE54-9A1E7A4F7556}") = "DfT.ZEV.Core.Domain", "DfT.ZEV.Core.Domain\DfT.ZEV.Core.Domain.csproj", "{B7F93488-1A5E-48F1-BEBE-FBB4DC11C005}"
EndProject
Project("{9A19103F-16F7-4668-BE54-9A1E7A4F7556}") = "DfT.ZEV.Core.Infrastructure", "DfT.ZEV.Core.Infrastructure\DfT.ZEV.Core.Infrastructure.csproj", "{E9A974C3-87C7-429C-9020-33C11417CC81}"
EndProject
Project("{9A19103F-16F7-4668-BE54-9A1E7A4F7556}") = "DfT.ZEV.Core.Application", "DfT.ZEV.Core.Application\DfT.ZEV.Core.Application.csproj", "{E3FE2B39-9882-4245-AB15-D196126D03A5}"
EndProject
Project("{2150E333-8FDC-42A3-9474-1A3956D46DE8}") = "tests", "tests", "{D2BDB9DC-EAD1-43E6-B849-5269996BFE6D}"
EndProject
Project("{9A19103F-16F7-4668-BE54-9A1E7A4F7556}") = "DfT.ZEV.Core.Architecture.Tests", "tests\DfT.ZEV.Core.Architecture.Tests\DfT.ZEV.Core.Architecture.Tests.csproj", "{0E17AABE-AEF2-4D80-B7BE-49274FD781B9}"
EndProject
Project("{9A19103F-16F7-4668-BE54-9A1E7A4F7556}") = "DfT.ZEV.Core.Infrastructure.Tests", "tests\DfT.ZEV.Core.Infrastructure.Tests\DfT.ZEV.Core.Infrastructure.Tests.csproj", "{B3D1DF35-DF97-4C96-9765-3DED130BE10C}"
EndProject
Project("{9A19103F-16F7-4668-BE54-9A1E7A4F7556}") = "DfT.ZEV.Core.Application.Tests", "tests\DfT.ZEV.Core.Application.Tests\DfT.ZEV.Core.Application.Tests.csproj", "{229DA9D9-C56A-4B3E-A12A-3403B1D67D56}"
EndProject
Project("{9A19103F-16F7-4668-BE54-9A1E7A4F7556}") = "DfT.ZEV.Core.Domain.Tests", "tests\DfT.ZEV.Core.Domain.Tests\DfT.ZEV.Core.Domain.Tests.csproj", "{947636C6-2EFD-4B0D-94FF-69F598143DEE}"
EndProject
Global
	GlobalSection(SolutionConfigurationPlatforms) = preSolution
		Debug|Any CPU = Debug|Any CPU
		Release|Any CPU = Release|Any CPU
	EndGlobalSection
	GlobalSection(ProjectConfigurationPlatforms) = postSolution
		{B7F93488-1A5E-48F1-BEBE-FBB4DC11C005}.Debug|Any CPU.ActiveCfg = Debug|Any CPU
		{B7F93488-1A5E-48F1-BEBE-FBB4DC11C005}.Debug|Any CPU.Build.0 = Debug|Any CPU
		{B7F93488-1A5E-48F1-BEBE-FBB4DC11C005}.Release|Any CPU.ActiveCfg = Release|Any CPU
		{B7F93488-1A5E-48F1-BEBE-FBB4DC11C005}.Release|Any CPU.Build.0 = Release|Any CPU
		{E9A974C3-87C7-429C-9020-33C11417CC81}.Debug|Any CPU.ActiveCfg = Debug|Any CPU
		{E9A974C3-87C7-429C-9020-33C11417CC81}.Debug|Any CPU.Build.0 = Debug|Any CPU
		{E9A974C3-87C7-429C-9020-33C11417CC81}.Release|Any CPU.ActiveCfg = Release|Any CPU
		{E9A974C3-87C7-429C-9020-33C11417CC81}.Release|Any CPU.Build.0 = Release|Any CPU
		{E3FE2B39-9882-4245-AB15-D196126D03A5}.Debug|Any CPU.ActiveCfg = Debug|Any CPU
		{E3FE2B39-9882-4245-AB15-D196126D03A5}.Debug|Any CPU.Build.0 = Debug|Any CPU
		{E3FE2B39-9882-4245-AB15-D196126D03A5}.Release|Any CPU.ActiveCfg = Release|Any CPU
		{E3FE2B39-9882-4245-AB15-D196126D03A5}.Release|Any CPU.Build.0 = Release|Any CPU
		{0E17AABE-AEF2-4D80-B7BE-49274FD781B9}.Debug|Any CPU.ActiveCfg = Debug|Any CPU
		{0E17AABE-AEF2-4D80-B7BE-49274FD781B9}.Debug|Any CPU.Build.0 = Debug|Any CPU
		{0E17AABE-AEF2-4D80-B7BE-49274FD781B9}.Release|Any CPU.ActiveCfg = Release|Any CPU
		{0E17AABE-AEF2-4D80-B7BE-49274FD781B9}.Release|Any CPU.Build.0 = Release|Any CPU
		{B3D1DF35-DF97-4C96-9765-3DED130BE10C}.Debug|Any CPU.ActiveCfg = Debug|Any CPU
		{B3D1DF35-DF97-4C96-9765-3DED130BE10C}.Debug|Any CPU.Build.0 = Debug|Any CPU
		{B3D1DF35-DF97-4C96-9765-3DED130BE10C}.Release|Any CPU.ActiveCfg = Release|Any CPU
		{B3D1DF35-DF97-4C96-9765-3DED130BE10C}.Release|Any CPU.Build.0 = Release|Any CPU
		{229DA9D9-C56A-4B3E-A12A-3403B1D67D56}.Debug|Any CPU.ActiveCfg = Debug|Any CPU
		{229DA9D9-C56A-4B3E-A12A-3403B1D67D56}.Debug|Any CPU.Build.0 = Debug|Any CPU
		{229DA9D9-C56A-4B3E-A12A-3403B1D67D56}.Release|Any CPU.ActiveCfg = Release|Any CPU
		{229DA9D9-C56A-4B3E-A12A-3403B1D67D56}.Release|Any CPU.Build.0 = Release|Any CPU
		{947636C6-2EFD-4B0D-94FF-69F598143DEE}.Debug|Any CPU.ActiveCfg = Debug|Any CPU
		{947636C6-2EFD-4B0D-94FF-69F598143DEE}.Debug|Any CPU.Build.0 = Debug|Any CPU
		{947636C6-2EFD-4B0D-94FF-69F598143DEE}.Release|Any CPU.ActiveCfg = Release|Any CPU
		{947636C6-2EFD-4B0D-94FF-69F598143DEE}.Release|Any CPU.Build.0 = Release|Any CPU
	EndGlobalSection
	GlobalSection(SolutionProperties) = preSolution
		HideSolutionNode = FALSE
	EndGlobalSection
	GlobalSection(NestedProjects) = preSolution
		{0E17AABE-AEF2-4D80-B7BE-49274FD781B9} = {D2BDB9DC-EAD1-43E6-B849-5269996BFE6D}
		{B3D1DF35-DF97-4C96-9765-3DED130BE10C} = {D2BDB9DC-EAD1-43E6-B849-5269996BFE6D}
		{229DA9D9-C56A-4B3E-A12A-3403B1D67D56} = {D2BDB9DC-EAD1-43E6-B849-5269996BFE6D}
		{947636C6-2EFD-4B0D-94FF-69F598143DEE} = {D2BDB9DC-EAD1-43E6-B849-5269996BFE6D}
	EndGlobalSection
	GlobalSection(ExtensibilityGlobals) = postSolution
		SolutionGuid = {31C10A0C-0AD7-4623-AD80-F8A968E60E7F}
	EndGlobalSection
EndGlobal
