
Microsoft Visual Studio Solution File, Format Version 12.00
# Visual Studio Version 17
VisualStudioVersion = 17.5.002.0
MinimumVisualStudioVersion = 10.0.40219.1
Project("{9A19103F-16F7-4668-BE54-9A1E7A4F7556}") = "DfT.ZEV.Common.MVC.Authentication", "DfT.ZEV.Common.MVC.Authentication.csproj", "{8E980117-DC64-43BC-9194-6876E6BD8982}"
EndProject
Global
	GlobalSection(SolutionConfigurationPlatforms) = preSolution
		Debug|Any CPU = Debug|Any CPU
		Release|Any CPU = Release|Any CPU
	EndGlobalSection
	GlobalSection(ProjectConfigurationPlatforms) = postSolution
		{8E980117-DC64-43BC-9194-6876E6BD8982}.Debug|Any CPU.ActiveCfg = Debug|Any CPU
		{8E980117-DC64-43BC-9194-6876E6BD8982}.Debug|Any CPU.Build.0 = Debug|Any CPU
		{8E980117-DC64-43BC-9194-6876E6BD8982}.Release|Any CPU.ActiveCfg = Release|Any CPU
		{8E980117-DC64-43BC-9194-6876E6BD8982}.Release|Any CPU.Build.0 = Release|Any CPU
	EndGlobalSection
	GlobalSection(SolutionProperties) = preSolution
		HideSolutionNode = FALSE
	EndGlobalSection
	GlobalSection(ExtensibilityGlobals) = postSolution
		SolutionGuid = {8DE2DA53-0C9A-4558-814E-FC17BC766DD0}
	EndGlobalSection
EndGlobal
