
Microsoft Visual Studio Solution File, Format Version 12.00
# Visual Studio Version 17
VisualStudioVersion = 17.5.002.0
MinimumVisualStudioVersion = 10.0.40219.1
Project("{9A19103F-16F7-4668-BE54-9A1E7A4F7556}") = "DfT.ZEV.Common.MVC.Authentication", "DfT.ZEV.Common.MVC.Authentication.csproj", "{DD7678BF-6970-4ECB-8B8B-6021E68DBB00}"
EndProject
Global
	GlobalSection(SolutionConfigurationPlatforms) = preSolution
		Debug|Any CPU = Debug|Any CPU
		Release|Any CPU = Release|Any CPU
	EndGlobalSection
	GlobalSection(ProjectConfigurationPlatforms) = postSolution
		{DD7678BF-6970-4ECB-8B8B-6021E68DBB00}.Debug|Any CPU.ActiveCfg = Debug|Any CPU
		{DD7678BF-6970-4ECB-8B8B-6021E68DBB00}.Debug|Any CPU.Build.0 = Debug|Any CPU
		{DD7678BF-6970-4ECB-8B8B-6021E68DBB00}.Release|Any CPU.ActiveCfg = Release|Any CPU
		{DD7678BF-6970-4ECB-8B8B-6021E68DBB00}.Release|Any CPU.Build.0 = Release|Any CPU
	EndGlobalSection
	GlobalSection(SolutionProperties) = preSolution
		HideSolutionNode = FALSE
	EndGlobalSection
	GlobalSection(ExtensibilityGlobals) = postSolution
		SolutionGuid = {3EC2499F-D1FC-4642-BD47-ECF060A5FB12}
	EndGlobalSection
EndGlobal
