
Microsoft Visual Studio Solution File, Format Version 12.00
#
VisualStudioVersion = 17.5.002.0
MinimumVisualStudioVersion = 
Project("{2150E333-8FDC-42A3-9474-1A3956D46DE8}") = "core", "core", "{0DCBEC54-770B-416B-ACB6-9E478C67BF01}"
EndProject
Project("{2150E333-8FDC-42A3-9474-1A3956D46DE8}") = "services", "services", "{C949C92B-3B08-4D80-B243-F232746C1E6F}"
EndProject
Project("{2150E333-8FDC-42A3-9474-1A3956D46DE8}") = "ComplianceCalculation", "ComplianceCalculation", "{16C7E4D5-23D0-453D-87BC-B42A7D151FA4}"
EndProject
Project("{2150E333-8FDC-42A3-9474-1A3956D46DE8}") = "Tests", "Tests", "{51EF4D9D-D514-40F1-9C77-205DB6C93A88}"
EndProject
Project("{2150E333-8FDC-42A3-9474-1A3956D46DE8}") = "Migrator", "Migrator", "{EB9EFD3C-88A0-4C62-A4F1-22C580DEC879}"
EndProject
Project("{2150E333-8FDC-42A3-9474-1A3956D46DE8}") = "SchemeData", "SchemeData", "{4D459E78-223E-4034-85F9-2C7D4DF702D1}"
EndProject
Project("{FAE04EC0-301F-11D3-BF4B-00C04F79EFBC}") = "DfT.ZEV.Core.Domain", "Core\DfT.ZEV.Core.Domain\DfT.ZEV.Core.Domain.csproj", "{06C4D55C-DB6B-48C4-9526-653454F5261E}"
EndProject
Project("{FAE04EC0-301F-11D3-BF4B-00C04F79EFBC}") = "DfT.ZEV.Core.Application", "Core\DfT.ZEV.Core.Application\DfT.ZEV.Core.Application.csproj", "{FCD9B6C0-D870-42DC-A629-DF89C1DFACDB}"
EndProject
Project("{FAE04EC0-301F-11D3-BF4B-00C04F79EFBC}") = "DfT.ZEV.Core.Infrastructure", "Core\DfT.ZEV.Core.Infrastructure\DfT.ZEV.Core.Infrastructure.csproj", "{BE28F780-B1B6-4312-8E10-7A6529B122EC}"
EndProject
Project("{2150E333-8FDC-42A3-9474-1A3956D46DE8}") = "common", "common", "{9F9327F5-E113-48CD-B998-5FEBE1635533}"
EndProject
Project("{FAE04EC0-301F-11D3-BF4B-00C04F79EFBC}") = "DfT.ZEV.Common", "common\DfT.ZEV.Common\DfT.ZEV.Common.csproj", "{7F1049A8-6AA6-4048-9C37-AF5E2AB413A8}"
EndProject
Project("{FAE04EC0-301F-11D3-BF4B-00C04F79EFBC}") = "DfT.ZEV.Common.MVC.Authentication", "common\DfT.ZEV.Common.MVC.Authentication\DfT.ZEV.Common.MVC.Authentication.csproj", "{CF164A4E-6159-4759-B709-FF771560DC95}"
EndProject
Project("{2150E333-8FDC-42A3-9474-1A3956D46DE8}") = "websites", "websites", "{4360C058-7D69-4A0E-835E-A56D1E38737B}"
EndProject
Project("{2150E333-8FDC-42A3-9474-1A3956D46DE8}") = "manufacturer-data-review-portal", "manufacturer-data-review-portal", "{BB6D8616-3417-4EF0-ACB2-0DF4E6239A49}"
EndProject
Project("{2150E333-8FDC-42A3-9474-1A3956D46DE8}") = "zev-administration-portal", "zev-administration-portal", "{3C559352-D69D-418B-94D3-E6980C84194B}"
EndProject
Project("{FAE04EC0-301F-11D3-BF4B-00C04F79EFBC}") = "DfT.ZEV.ManufacturerReview.Web", "services\websites\manufacturer-data-review-portal\DfT.ZEV.ManufacturerReview.Web\DfT.ZEV.ManufacturerReview.Web.csproj", "{B1EF6728-0558-45CE-A7F5-82BA7AF2D058}"
EndProject
Project("{FAE04EC0-301F-11D3-BF4B-00C04F79EFBC}") = "DfT.ZEV.ManufacturerReview.Application", "services\websites\manufacturer-data-review-portal\DfT.ZEV.ManufacturerReview.Application\DfT.ZEV.ManufacturerReview.Application.csproj", "{05EFB7BB-3252-46DC-89F3-9BFF0043DD64}"
EndProject
Project("{FAE04EC0-301F-11D3-BF4B-00C04F79EFBC}") = "DfT.ZEV.ManufacturerReview.Domain", "services\websites\manufacturer-data-review-portal\DfT.ZEV.ManufacturerReview.Domain\DfT.ZEV.ManufacturerReview.Domain.csproj", "{76560FF7-42C1-47BA-A530-7DD0CD74685A}"
EndProject
Project("{FAE04EC0-301F-11D3-BF4B-00C04F79EFBC}") = "DfT.ZEV.ManufacturerReview.Infrastructure", "services\websites\manufacturer-data-review-portal\DfT.ZEV.ManufacturerReview.Infrastructure\DfT.ZEV.ManufacturerReview.Infrastructure.csproj", "{37C810E8-508C-4C4F-BF9F-127E18F05468}"
EndProject
Project("{2150E333-8FDC-42A3-9474-1A3956D46DE8}") = "tests", "tests", "{55C6B0B1-1034-4D11-8E90-98C394EEA673}"
EndProject
Project("{FAE04EC0-301F-11D3-BF4B-00C04F79EFBC}") = "DfT.ZEV.ManufacturerReview.Tests", "services\websites\manufacturer-data-review-portal\tests\DfT.ZEV.ManufacturerReview.Tests\DfT.ZEV.ManufacturerReview.Tests.csproj", "{5831EC21-E29B-4546-B314-9D0EEF5C59F8}"
EndProject
Project("{FAE04EC0-301F-11D3-BF4B-00C04F79EFBC}") = "DfT.ZEV.Administration.Application", "services\websites\zev-administration-portal\DfT.ZEV.Administration.Application\DfT.ZEV.Administration.Application.csproj", "{8FDBB4E4-6DA4-4697-A646-618D3CF2826E}"
EndProject
Project("{FAE04EC0-301F-11D3-BF4B-00C04F79EFBC}") = "DfT.ZEV.Administration.Domain", "services\websites\zev-administration-portal\DfT.ZEV.Administration.Domain\DfT.ZEV.Administration.Domain.csproj", "{4C3C3412-5F69-402E-9286-9FA9D208A5BE}"
EndProject
Project("{FAE04EC0-301F-11D3-BF4B-00C04F79EFBC}") = "DfT.ZEV.Administration.Infrastructure", "services\websites\zev-administration-portal\DfT.ZEV.Administration.Infrastructure\DfT.ZEV.Administration.Infrastructure.csproj", "{97003D70-3846-4332-B444-670A0F133A9A}"
EndProject
Project("{FAE04EC0-301F-11D3-BF4B-00C04F79EFBC}") = "DfT.ZEV.Administration.Web", "services\websites\zev-administration-portal\DfT.ZEV.Administration.Web\DfT.ZEV.Administration.Web.csproj", "{0FA9B459-1170-4649-9B57-DDCA2EA57A8F}"
EndProject
Project("{2150E333-8FDC-42A3-9474-1A3956D46DE8}") = "tests", "tests", "{7439D00B-983B-41AB-9C6F-EF28F78E4031}"
EndProject
Project("{FAE04EC0-301F-11D3-BF4B-00C04F79EFBC}") = "DfT.ZEV.Administration.Tests", "services\websites\zev-administration-portal\tests\DfT.ZEV.Administration.Tests\DfT.ZEV.Administration.Tests.csproj", "{ACBEB7E0-9EC3-43A9-9953-F6D632DF9A36}"
EndProject
Project("{FAE04EC0-301F-11D3-BF4B-00C04F79EFBC}") = "DfT.ZEV.Core.Application.Tests", "core\tests\DfT.ZEV.Core.Application.Tests\DfT.ZEV.Core.Application.Tests.csproj", "{2CF70CE9-F61E-4BE0-82B1-A02C9698712F}"
EndProject
Project("{FAE04EC0-301F-11D3-BF4B-00C04F79EFBC}") = "DfT.ZEV.Core.Architecture.Tests", "core\tests\DfT.ZEV.Core.Architecture.Tests\DfT.ZEV.Core.Architecture.Tests.csproj", "{66C4FCBB-C1FB-4FD0-B488-27EFF60D8FEC}"
EndProject
Project("{FAE04EC0-301F-11D3-BF4B-00C04F79EFBC}") = "DfT.ZEV.Core.Domain.Tests", "core\tests\DfT.ZEV.Core.Domain.Tests\DfT.ZEV.Core.Domain.Tests.csproj", "{70E4AF90-C8FA-4DA8-9BDE-912C0D23FDFA}"
EndProject
Project("{FAE04EC0-301F-11D3-BF4B-00C04F79EFBC}") = "DfT.ZEV.Core.Infrastructure.Tests", "core\tests\DfT.ZEV.Core.Infrastructure.Tests\DfT.ZEV.Core.Infrastructure.Tests.csproj", "{14E49B84-B727-4953-804C-BF1E0DC39947}"
EndProject
Project("{FAE04EC0-301F-11D3-BF4B-00C04F79EFBC}") = "DfT.ZEV.Services.ComplianceCalculation.Handler", "services\functions\compliance-calculation\DfT.ZEV.Services.ComplianceCalculation.Handler\DfT.ZEV.Services.ComplianceCalculation.Handler.csproj", "{38D70DDA-1E81-46E9-9052-175653C1AE6F}"
EndProject
Project("{FAE04EC0-301F-11D3-BF4B-00C04F79EFBC}") = "DfT.ZEV.Services.SchemeData.Api", "services\apis\scheme-data\DfT.ZEV.Services.SchemeData.Api\DfT.ZEV.Services.SchemeData.Api.csproj", "{CF9AEDB7-DF34-4510-A274-925AD6F31E87}"
EndProject
Project("{FAE04EC0-301F-11D3-BF4B-00C04F79EFBC}") = "DfT.ZEV.Services.Migrator.Handler", "services\functions\migrator\DfT.ZEV.Services.Migrator.Handler\DfT.ZEV.Services.Migrator.Handler.csproj", "{E57EEC45-5042-4124-8BEB-0AA53B4265A4}"
EndProject
Project("{2150E333-8FDC-42A3-9474-1A3956D46DE8}") = "Organization", "Organization", "{92E3D69A-16D9-4459-9186-9AB62B34340D}"
EndProject
Project("{FAE04EC0-301F-11D3-BF4B-00C04F79EFBC}") = "DfT.ZEV.Services.Organization.Api", "services\apis\organization\DfT.ZEV.Services.Organization.Api\DfT.ZEV.Services.Organization.Api.csproj", "{2F914210-B909-4DB8-9646-AC4CD8AD75CD}"
EndProject
Global
	GlobalSection(SolutionConfigurationPlatforms) = preSolution
		Debug|Any CPU = Debug|Any CPU
		Release|Any CPU = Release|Any CPU
	EndGlobalSection
	GlobalSection(ProjectConfigurationPlatforms) = postSolution
		{06C4D55C-DB6B-48C4-9526-653454F5261E}.Debug|Any CPU.ActiveCfg = Debug|Any CPU
		{06C4D55C-DB6B-48C4-9526-653454F5261E}.Debug|Any CPU.Build.0 = Debug|Any CPU
		{06C4D55C-DB6B-48C4-9526-653454F5261E}.Release|Any CPU.ActiveCfg = Release|Any CPU
		{06C4D55C-DB6B-48C4-9526-653454F5261E}.Release|Any CPU.Build.0 = Release|Any CPU
		{FCD9B6C0-D870-42DC-A629-DF89C1DFACDB}.Debug|Any CPU.ActiveCfg = Debug|Any CPU
		{FCD9B6C0-D870-42DC-A629-DF89C1DFACDB}.Debug|Any CPU.Build.0 = Debug|Any CPU
		{FCD9B6C0-D870-42DC-A629-DF89C1DFACDB}.Release|Any CPU.ActiveCfg = Release|Any CPU
		{FCD9B6C0-D870-42DC-A629-DF89C1DFACDB}.Release|Any CPU.Build.0 = Release|Any CPU
		{BE28F780-B1B6-4312-8E10-7A6529B122EC}.Debug|Any CPU.ActiveCfg = Debug|Any CPU
		{BE28F780-B1B6-4312-8E10-7A6529B122EC}.Debug|Any CPU.Build.0 = Debug|Any CPU
		{BE28F780-B1B6-4312-8E10-7A6529B122EC}.Release|Any CPU.ActiveCfg = Release|Any CPU
		{BE28F780-B1B6-4312-8E10-7A6529B122EC}.Release|Any CPU.Build.0 = Release|Any CPU
		{7F1049A8-6AA6-4048-9C37-AF5E2AB413A8}.Debug|Any CPU.ActiveCfg = Debug|Any CPU
		{7F1049A8-6AA6-4048-9C37-AF5E2AB413A8}.Debug|Any CPU.Build.0 = Debug|Any CPU
		{7F1049A8-6AA6-4048-9C37-AF5E2AB413A8}.Release|Any CPU.ActiveCfg = Release|Any CPU
		{7F1049A8-6AA6-4048-9C37-AF5E2AB413A8}.Release|Any CPU.Build.0 = Release|Any CPU
		{CF164A4E-6159-4759-B709-FF771560DC95}.Debug|Any CPU.ActiveCfg = Debug|Any CPU
		{CF164A4E-6159-4759-B709-FF771560DC95}.Debug|Any CPU.Build.0 = Debug|Any CPU
		{CF164A4E-6159-4759-B709-FF771560DC95}.Release|Any CPU.ActiveCfg = Release|Any CPU
		{CF164A4E-6159-4759-B709-FF771560DC95}.Release|Any CPU.Build.0 = Release|Any CPU
		{B1EF6728-0558-45CE-A7F5-82BA7AF2D058}.Debug|Any CPU.ActiveCfg = Debug|Any CPU
		{B1EF6728-0558-45CE-A7F5-82BA7AF2D058}.Debug|Any CPU.Build.0 = Debug|Any CPU
		{B1EF6728-0558-45CE-A7F5-82BA7AF2D058}.Release|Any CPU.ActiveCfg = Release|Any CPU
		{B1EF6728-0558-45CE-A7F5-82BA7AF2D058}.Release|Any CPU.Build.0 = Release|Any CPU
		{05EFB7BB-3252-46DC-89F3-9BFF0043DD64}.Debug|Any CPU.ActiveCfg = Debug|Any CPU
		{05EFB7BB-3252-46DC-89F3-9BFF0043DD64}.Debug|Any CPU.Build.0 = Debug|Any CPU
		{05EFB7BB-3252-46DC-89F3-9BFF0043DD64}.Release|Any CPU.ActiveCfg = Release|Any CPU
		{05EFB7BB-3252-46DC-89F3-9BFF0043DD64}.Release|Any CPU.Build.0 = Release|Any CPU
		{76560FF7-42C1-47BA-A530-7DD0CD74685A}.Debug|Any CPU.ActiveCfg = Debug|Any CPU
		{76560FF7-42C1-47BA-A530-7DD0CD74685A}.Debug|Any CPU.Build.0 = Debug|Any CPU
		{76560FF7-42C1-47BA-A530-7DD0CD74685A}.Release|Any CPU.ActiveCfg = Release|Any CPU
		{76560FF7-42C1-47BA-A530-7DD0CD74685A}.Release|Any CPU.Build.0 = Release|Any CPU
		{37C810E8-508C-4C4F-BF9F-127E18F05468}.Debug|Any CPU.ActiveCfg = Debug|Any CPU
		{37C810E8-508C-4C4F-BF9F-127E18F05468}.Debug|Any CPU.Build.0 = Debug|Any CPU
		{37C810E8-508C-4C4F-BF9F-127E18F05468}.Release|Any CPU.ActiveCfg = Release|Any CPU
		{37C810E8-508C-4C4F-BF9F-127E18F05468}.Release|Any CPU.Build.0 = Release|Any CPU
		{5831EC21-E29B-4546-B314-9D0EEF5C59F8}.Debug|Any CPU.ActiveCfg = Debug|Any CPU
		{5831EC21-E29B-4546-B314-9D0EEF5C59F8}.Debug|Any CPU.Build.0 = Debug|Any CPU
		{5831EC21-E29B-4546-B314-9D0EEF5C59F8}.Release|Any CPU.ActiveCfg = Release|Any CPU
		{5831EC21-E29B-4546-B314-9D0EEF5C59F8}.Release|Any CPU.Build.0 = Release|Any CPU
		{8FDBB4E4-6DA4-4697-A646-618D3CF2826E}.Debug|Any CPU.ActiveCfg = Debug|Any CPU
		{8FDBB4E4-6DA4-4697-A646-618D3CF2826E}.Debug|Any CPU.Build.0 = Debug|Any CPU
		{8FDBB4E4-6DA4-4697-A646-618D3CF2826E}.Release|Any CPU.ActiveCfg = Release|Any CPU
		{8FDBB4E4-6DA4-4697-A646-618D3CF2826E}.Release|Any CPU.Build.0 = Release|Any CPU
		{4C3C3412-5F69-402E-9286-9FA9D208A5BE}.Debug|Any CPU.ActiveCfg = Debug|Any CPU
		{4C3C3412-5F69-402E-9286-9FA9D208A5BE}.Debug|Any CPU.Build.0 = Debug|Any CPU
		{4C3C3412-5F69-402E-9286-9FA9D208A5BE}.Release|Any CPU.ActiveCfg = Release|Any CPU
		{4C3C3412-5F69-402E-9286-9FA9D208A5BE}.Release|Any CPU.Build.0 = Release|Any CPU
		{97003D70-3846-4332-B444-670A0F133A9A}.Debug|Any CPU.ActiveCfg = Debug|Any CPU
		{97003D70-3846-4332-B444-670A0F133A9A}.Debug|Any CPU.Build.0 = Debug|Any CPU
		{97003D70-3846-4332-B444-670A0F133A9A}.Release|Any CPU.ActiveCfg = Release|Any CPU
		{97003D70-3846-4332-B444-670A0F133A9A}.Release|Any CPU.Build.0 = Release|Any CPU
		{0FA9B459-1170-4649-9B57-DDCA2EA57A8F}.Debug|Any CPU.ActiveCfg = Debug|Any CPU
		{0FA9B459-1170-4649-9B57-DDCA2EA57A8F}.Debug|Any CPU.Build.0 = Debug|Any CPU
		{0FA9B459-1170-4649-9B57-DDCA2EA57A8F}.Release|Any CPU.ActiveCfg = Release|Any CPU
		{0FA9B459-1170-4649-9B57-DDCA2EA57A8F}.Release|Any CPU.Build.0 = Release|Any CPU
		{ACBEB7E0-9EC3-43A9-9953-F6D632DF9A36}.Debug|Any CPU.ActiveCfg = Debug|Any CPU
		{ACBEB7E0-9EC3-43A9-9953-F6D632DF9A36}.Debug|Any CPU.Build.0 = Debug|Any CPU
		{ACBEB7E0-9EC3-43A9-9953-F6D632DF9A36}.Release|Any CPU.ActiveCfg = Release|Any CPU
		{ACBEB7E0-9EC3-43A9-9953-F6D632DF9A36}.Release|Any CPU.Build.0 = Release|Any CPU
		{2CF70CE9-F61E-4BE0-82B1-A02C9698712F}.Debug|Any CPU.ActiveCfg = Debug|Any CPU
		{2CF70CE9-F61E-4BE0-82B1-A02C9698712F}.Debug|Any CPU.Build.0 = Debug|Any CPU
		{2CF70CE9-F61E-4BE0-82B1-A02C9698712F}.Release|Any CPU.ActiveCfg = Release|Any CPU
		{2CF70CE9-F61E-4BE0-82B1-A02C9698712F}.Release|Any CPU.Build.0 = Release|Any CPU
		{66C4FCBB-C1FB-4FD0-B488-27EFF60D8FEC}.Debug|Any CPU.ActiveCfg = Debug|Any CPU
		{66C4FCBB-C1FB-4FD0-B488-27EFF60D8FEC}.Debug|Any CPU.Build.0 = Debug|Any CPU
		{66C4FCBB-C1FB-4FD0-B488-27EFF60D8FEC}.Release|Any CPU.ActiveCfg = Release|Any CPU
		{66C4FCBB-C1FB-4FD0-B488-27EFF60D8FEC}.Release|Any CPU.Build.0 = Release|Any CPU
		{70E4AF90-C8FA-4DA8-9BDE-912C0D23FDFA}.Debug|Any CPU.ActiveCfg = Debug|Any CPU
		{70E4AF90-C8FA-4DA8-9BDE-912C0D23FDFA}.Debug|Any CPU.Build.0 = Debug|Any CPU
		{70E4AF90-C8FA-4DA8-9BDE-912C0D23FDFA}.Release|Any CPU.ActiveCfg = Release|Any CPU
		{70E4AF90-C8FA-4DA8-9BDE-912C0D23FDFA}.Release|Any CPU.Build.0 = Release|Any CPU
		{14E49B84-B727-4953-804C-BF1E0DC39947}.Debug|Any CPU.ActiveCfg = Debug|Any CPU
		{14E49B84-B727-4953-804C-BF1E0DC39947}.Debug|Any CPU.Build.0 = Debug|Any CPU
		{14E49B84-B727-4953-804C-BF1E0DC39947}.Release|Any CPU.ActiveCfg = Release|Any CPU
		{14E49B84-B727-4953-804C-BF1E0DC39947}.Release|Any CPU.Build.0 = Release|Any CPU
		{38D70DDA-1E81-46E9-9052-175653C1AE6F}.Debug|Any CPU.ActiveCfg = Debug|Any CPU
		{38D70DDA-1E81-46E9-9052-175653C1AE6F}.Debug|Any CPU.Build.0 = Debug|Any CPU
		{38D70DDA-1E81-46E9-9052-175653C1AE6F}.Release|Any CPU.ActiveCfg = Release|Any CPU
		{38D70DDA-1E81-46E9-9052-175653C1AE6F}.Release|Any CPU.Build.0 = Release|Any CPU
		{CF9AEDB7-DF34-4510-A274-925AD6F31E87}.Debug|Any CPU.ActiveCfg = Debug|Any CPU
		{CF9AEDB7-DF34-4510-A274-925AD6F31E87}.Debug|Any CPU.Build.0 = Debug|Any CPU
		{CF9AEDB7-DF34-4510-A274-925AD6F31E87}.Release|Any CPU.ActiveCfg = Release|Any CPU
		{CF9AEDB7-DF34-4510-A274-925AD6F31E87}.Release|Any CPU.Build.0 = Release|Any CPU
		{E57EEC45-5042-4124-8BEB-0AA53B4265A4}.Debug|Any CPU.ActiveCfg = Debug|Any CPU
		{E57EEC45-5042-4124-8BEB-0AA53B4265A4}.Debug|Any CPU.Build.0 = Debug|Any CPU
		{E57EEC45-5042-4124-8BEB-0AA53B4265A4}.Release|Any CPU.ActiveCfg = Release|Any CPU
		{E57EEC45-5042-4124-8BEB-0AA53B4265A4}.Release|Any CPU.Build.0 = Release|Any CPU
		{2F914210-B909-4DB8-9646-AC4CD8AD75CD}.Debug|Any CPU.ActiveCfg = Debug|Any CPU
		{2F914210-B909-4DB8-9646-AC4CD8AD75CD}.Debug|Any CPU.Build.0 = Debug|Any CPU
		{2F914210-B909-4DB8-9646-AC4CD8AD75CD}.Release|Any CPU.ActiveCfg = Release|Any CPU
		{2F914210-B909-4DB8-9646-AC4CD8AD75CD}.Release|Any CPU.Build.0 = Release|Any CPU
	EndGlobalSection
	GlobalSection(SolutionProperties) = preSolution
		HideSolutionNode = FALSE
	EndGlobalSection
	GlobalSection(NestedProjects) = preSolution
		{16C7E4D5-23D0-453D-87BC-B42A7D151FA4} = {C949C92B-3B08-4D80-B243-F232746C1E6F}
		{51EF4D9D-D514-40F1-9C77-205DB6C93A88} = {0DCBEC54-770B-416B-ACB6-9E478C67BF01}
		{EB9EFD3C-88A0-4C62-A4F1-22C580DEC879} = {C949C92B-3B08-4D80-B243-F232746C1E6F}
		{4D459E78-223E-4034-85F9-2C7D4DF702D1} = {C949C92B-3B08-4D80-B243-F232746C1E6F}
		{06C4D55C-DB6B-48C4-9526-653454F5261E} = {0DCBEC54-770B-416B-ACB6-9E478C67BF01}
		{FCD9B6C0-D870-42DC-A629-DF89C1DFACDB} = {0DCBEC54-770B-416B-ACB6-9E478C67BF01}
		{BE28F780-B1B6-4312-8E10-7A6529B122EC} = {0DCBEC54-770B-416B-ACB6-9E478C67BF01}
		{7F1049A8-6AA6-4048-9C37-AF5E2AB413A8} = {9F9327F5-E113-48CD-B998-5FEBE1635533}
		{CF164A4E-6159-4759-B709-FF771560DC95} = {9F9327F5-E113-48CD-B998-5FEBE1635533}
		{4360C058-7D69-4A0E-835E-A56D1E38737B} = {C949C92B-3B08-4D80-B243-F232746C1E6F}
		{BB6D8616-3417-4EF0-ACB2-0DF4E6239A49} = {4360C058-7D69-4A0E-835E-A56D1E38737B}
		{3C559352-D69D-418B-94D3-E6980C84194B} = {4360C058-7D69-4A0E-835E-A56D1E38737B}
		{B1EF6728-0558-45CE-A7F5-82BA7AF2D058} = {BB6D8616-3417-4EF0-ACB2-0DF4E6239A49}
		{05EFB7BB-3252-46DC-89F3-9BFF0043DD64} = {BB6D8616-3417-4EF0-ACB2-0DF4E6239A49}
		{76560FF7-42C1-47BA-A530-7DD0CD74685A} = {BB6D8616-3417-4EF0-ACB2-0DF4E6239A49}
		{37C810E8-508C-4C4F-BF9F-127E18F05468} = {BB6D8616-3417-4EF0-ACB2-0DF4E6239A49}
		{55C6B0B1-1034-4D11-8E90-98C394EEA673} = {BB6D8616-3417-4EF0-ACB2-0DF4E6239A49}
		{5831EC21-E29B-4546-B314-9D0EEF5C59F8} = {55C6B0B1-1034-4D11-8E90-98C394EEA673}
		{8FDBB4E4-6DA4-4697-A646-618D3CF2826E} = {3C559352-D69D-418B-94D3-E6980C84194B}
		{4C3C3412-5F69-402E-9286-9FA9D208A5BE} = {3C559352-D69D-418B-94D3-E6980C84194B}
		{97003D70-3846-4332-B444-670A0F133A9A} = {3C559352-D69D-418B-94D3-E6980C84194B}
		{0FA9B459-1170-4649-9B57-DDCA2EA57A8F} = {3C559352-D69D-418B-94D3-E6980C84194B}
		{7439D00B-983B-41AB-9C6F-EF28F78E4031} = {3C559352-D69D-418B-94D3-E6980C84194B}
		{ACBEB7E0-9EC3-43A9-9953-F6D632DF9A36} = {7439D00B-983B-41AB-9C6F-EF28F78E4031}
		{2CF70CE9-F61E-4BE0-82B1-A02C9698712F} = {51EF4D9D-D514-40F1-9C77-205DB6C93A88}
		{66C4FCBB-C1FB-4FD0-B488-27EFF60D8FEC} = {51EF4D9D-D514-40F1-9C77-205DB6C93A88}
		{70E4AF90-C8FA-4DA8-9BDE-912C0D23FDFA} = {51EF4D9D-D514-40F1-9C77-205DB6C93A88}
		{14E49B84-B727-4953-804C-BF1E0DC39947} = {51EF4D9D-D514-40F1-9C77-205DB6C93A88}
		{38D70DDA-1E81-46E9-9052-175653C1AE6F} = {16C7E4D5-23D0-453D-87BC-B42A7D151FA4}
		{CF9AEDB7-DF34-4510-A274-925AD6F31E87} = {4D459E78-223E-4034-85F9-2C7D4DF702D1}
		{E57EEC45-5042-4124-8BEB-0AA53B4265A4} = {EB9EFD3C-88A0-4C62-A4F1-22C580DEC879}
		{92E3D69A-16D9-4459-9186-9AB62B34340D} = {C949C92B-3B08-4D80-B243-F232746C1E6F}
		{2F914210-B909-4DB8-9646-AC4CD8AD75CD} = {92E3D69A-16D9-4459-9186-9AB62B34340D}
	EndGlobalSection
EndGlobal
